
Microsoft Visual Studio Solution File, Format Version 12.00
# Visual Studio Version 17
VisualStudioVersion = 17.14.36623.8
MinimumVisualStudioVersion = 10.0.40219.1
Project("{FAE04EC0-301F-11D3-BF4B-00C04F79EFBC}") = "ApiGateway", "ApiGateway\ApiGateway.csproj", "{ABBB56EC-EB50-435E-A2FC-44DF512D6A3E}"
EndProject
Project("{2150E333-8FDC-42A3-9474-1A3956D46DE8}") = "AuthService", "AuthService", "{54C27F26-71CB-9721-02CF-9E5332C2F895}"
EndProject
Project("{FAE04EC0-301F-11D3-BF4B-00C04F79EFBC}") = "AuthService.Core", "AuthService\AuthService.Core\AuthService.Core.csproj", "{5A07C8CD-5D54-4181-AF81-A1D5A6BAA813}"
EndProject
Project("{FAE04EC0-301F-11D3-BF4B-00C04F79EFBC}") = "AuthService.Application", "AuthService\AuthService.Application\AuthService.Application.csproj", "{B33D0C82-EDA4-4191-A610-FA2ACF6F86DE}"
EndProject
Project("{FAE04EC0-301F-11D3-BF4B-00C04F79EFBC}") = "AuthService.Infrastructure", "AuthService\AuthService.Infrastructure\AuthService.Infrastructure.csproj", "{7442EC9C-EE48-4F2D-8212-E86BF6146453}"
EndProject
Project("{FAE04EC0-301F-11D3-BF4B-00C04F79EFBC}") = "AuthService.API", "AuthService\AuthService.API\AuthService.API.csproj", "{71C78E69-B176-4239-A0F6-D7AFB7FCE604}"
EndProject
Project("{2150E333-8FDC-42A3-9474-1A3956D46DE8}") = "MenuService", "MenuService", "{3E96CC70-D638-9B4C-EC96-76F86C9F844C}"
EndProject
Project("{FAE04EC0-301F-11D3-BF4B-00C04F79EFBC}") = "MenuService.Core", "MenuService\MenuService.Core\MenuService.Core.csproj", "{44C43C8B-3F42-48FF-81E4-B0C630BEE7EA}"
EndProject
Project("{FAE04EC0-301F-11D3-BF4B-00C04F79EFBC}") = "MenuService.Application", "MenuService\MenuService.Application\MenuService.Application.csproj", "{5B7D59EC-D100-473E-88DE-0B28F6700CB8}"
EndProject
Project("{FAE04EC0-301F-11D3-BF4B-00C04F79EFBC}") = "MenuService.Infrastructure", "MenuService\MenuService.Infrastructure\MenuService.Infrastructure.csproj", "{4F8C9492-B252-4815-9F34-EF787934BB40}"
EndProject
Project("{FAE04EC0-301F-11D3-BF4B-00C04F79EFBC}") = "MenuService.API", "MenuService\MenuService.API\MenuService.API.csproj", "{FDFFABDC-F898-4918-AFFD-616C6738F71B}"
EndProject
Project("{2150E333-8FDC-42A3-9474-1A3956D46DE8}") = "OrderService", "OrderService", "{1CDB8257-D98E-AF38-204D-5645D4EEB404}"
EndProject
Project("{FAE04EC0-301F-11D3-BF4B-00C04F79EFBC}") = "OrderService.API", "OrderService\OrderService.API\OrderService.API.csproj", "{440813D3-C3B6-410F-946B-BCD5CF2D8434}"
EndProject
Project("{FAE04EC0-301F-11D3-BF4B-00C04F79EFBC}") = "OrderService.Core", "OrderService\OrderService.Core\OrderService.Core.csproj", "{511CD013-53BE-4A75-9B45-AFF73572FA68}"
EndProject
Project("{FAE04EC0-301F-11D3-BF4B-00C04F79EFBC}") = "OrderService.Application", "OrderService\OrderService.Application\OrderService.Application.csproj", "{F756FA8E-712A-4E5F-8DC8-C57C442C4173}"
EndProject
Project("{FAE04EC0-301F-11D3-BF4B-00C04F79EFBC}") = "OrderService.Infrastructure", "OrderService\OrderService.Infrastructure\OrderService.Infrastructure.csproj", "{B805E7DA-2AF4-4EA1-A402-73D6F5D55208}"
EndProject
Global
	GlobalSection(SolutionConfigurationPlatforms) = preSolution
		Debug|Any CPU = Debug|Any CPU
		Debug|x64 = Debug|x64
		Debug|x86 = Debug|x86
		Release|Any CPU = Release|Any CPU
		Release|x64 = Release|x64
		Release|x86 = Release|x86
	EndGlobalSection
	GlobalSection(ProjectConfigurationPlatforms) = postSolution
		{ABBB56EC-EB50-435E-A2FC-44DF512D6A3E}.Debug|Any CPU.ActiveCfg = Debug|Any CPU
		{ABBB56EC-EB50-435E-A2FC-44DF512D6A3E}.Debug|Any CPU.Build.0 = Debug|Any CPU
		{ABBB56EC-EB50-435E-A2FC-44DF512D6A3E}.Debug|x64.ActiveCfg = Debug|Any CPU
		{ABBB56EC-EB50-435E-A2FC-44DF512D6A3E}.Debug|x64.Build.0 = Debug|Any CPU
		{ABBB56EC-EB50-435E-A2FC-44DF512D6A3E}.Debug|x86.ActiveCfg = Debug|Any CPU
		{ABBB56EC-EB50-435E-A2FC-44DF512D6A3E}.Debug|x86.Build.0 = Debug|Any CPU
		{ABBB56EC-EB50-435E-A2FC-44DF512D6A3E}.Release|Any CPU.ActiveCfg = Release|Any CPU
		{ABBB56EC-EB50-435E-A2FC-44DF512D6A3E}.Release|Any CPU.Build.0 = Release|Any CPU
		{ABBB56EC-EB50-435E-A2FC-44DF512D6A3E}.Release|x64.ActiveCfg = Release|Any CPU
		{ABBB56EC-EB50-435E-A2FC-44DF512D6A3E}.Release|x64.Build.0 = Release|Any CPU
		{ABBB56EC-EB50-435E-A2FC-44DF512D6A3E}.Release|x86.ActiveCfg = Release|Any CPU
		{ABBB56EC-EB50-435E-A2FC-44DF512D6A3E}.Release|x86.Build.0 = Release|Any CPU
		{5A07C8CD-5D54-4181-AF81-A1D5A6BAA813}.Debug|Any CPU.ActiveCfg = Debug|Any CPU
		{5A07C8CD-5D54-4181-AF81-A1D5A6BAA813}.Debug|Any CPU.Build.0 = Debug|Any CPU
		{5A07C8CD-5D54-4181-AF81-A1D5A6BAA813}.Debug|x64.ActiveCfg = Debug|Any CPU
		{5A07C8CD-5D54-4181-AF81-A1D5A6BAA813}.Debug|x64.Build.0 = Debug|Any CPU
		{5A07C8CD-5D54-4181-AF81-A1D5A6BAA813}.Debug|x86.ActiveCfg = Debug|Any CPU
		{5A07C8CD-5D54-4181-AF81-A1D5A6BAA813}.Debug|x86.Build.0 = Debug|Any CPU
		{5A07C8CD-5D54-4181-AF81-A1D5A6BAA813}.Release|Any CPU.ActiveCfg = Release|Any CPU
		{5A07C8CD-5D54-4181-AF81-A1D5A6BAA813}.Release|Any CPU.Build.0 = Release|Any CPU
		{5A07C8CD-5D54-4181-AF81-A1D5A6BAA813}.Release|x64.ActiveCfg = Release|Any CPU
		{5A07C8CD-5D54-4181-AF81-A1D5A6BAA813}.Release|x64.Build.0 = Release|Any CPU
		{5A07C8CD-5D54-4181-AF81-A1D5A6BAA813}.Release|x86.ActiveCfg = Release|Any CPU
		{5A07C8CD-5D54-4181-AF81-A1D5A6BAA813}.Release|x86.Build.0 = Release|Any CPU
		{B33D0C82-EDA4-4191-A610-FA2ACF6F86DE}.Debug|Any CPU.ActiveCfg = Debug|Any CPU
		{B33D0C82-EDA4-4191-A610-FA2ACF6F86DE}.Debug|Any CPU.Build.0 = Debug|Any CPU
		{B33D0C82-EDA4-4191-A610-FA2ACF6F86DE}.Debug|x64.ActiveCfg = Debug|Any CPU
		{B33D0C82-EDA4-4191-A610-FA2ACF6F86DE}.Debug|x64.Build.0 = Debug|Any CPU
		{B33D0C82-EDA4-4191-A610-FA2ACF6F86DE}.Debug|x86.ActiveCfg = Debug|Any CPU
		{B33D0C82-EDA4-4191-A610-FA2ACF6F86DE}.Debug|x86.Build.0 = Debug|Any CPU
		{B33D0C82-EDA4-4191-A610-FA2ACF6F86DE}.Release|Any CPU.ActiveCfg = Release|Any CPU
		{B33D0C82-EDA4-4191-A610-FA2ACF6F86DE}.Release|Any CPU.Build.0 = Release|Any CPU
		{B33D0C82-EDA4-4191-A610-FA2ACF6F86DE}.Release|x64.ActiveCfg = Release|Any CPU
		{B33D0C82-EDA4-4191-A610-FA2ACF6F86DE}.Release|x64.Build.0 = Release|Any CPU
		{B33D0C82-EDA4-4191-A610-FA2ACF6F86DE}.Release|x86.ActiveCfg = Release|Any CPU
		{B33D0C82-EDA4-4191-A610-FA2ACF6F86DE}.Release|x86.Build.0 = Release|Any CPU
		{7442EC9C-EE48-4F2D-8212-E86BF6146453}.Debug|Any CPU.ActiveCfg = Debug|Any CPU
		{7442EC9C-EE48-4F2D-8212-E86BF6146453}.Debug|Any CPU.Build.0 = Debug|Any CPU
		{7442EC9C-EE48-4F2D-8212-E86BF6146453}.Debug|x64.ActiveCfg = Debug|Any CPU
		{7442EC9C-EE48-4F2D-8212-E86BF6146453}.Debug|x64.Build.0 = Debug|Any CPU
		{7442EC9C-EE48-4F2D-8212-E86BF6146453}.Debug|x86.ActiveCfg = Debug|Any CPU
		{7442EC9C-EE48-4F2D-8212-E86BF6146453}.Debug|x86.Build.0 = Debug|Any CPU
		{7442EC9C-EE48-4F2D-8212-E86BF6146453}.Release|Any CPU.ActiveCfg = Release|Any CPU
		{7442EC9C-EE48-4F2D-8212-E86BF6146453}.Release|Any CPU.Build.0 = Release|Any CPU
		{7442EC9C-EE48-4F2D-8212-E86BF6146453}.Release|x64.ActiveCfg = Release|Any CPU
		{7442EC9C-EE48-4F2D-8212-E86BF6146453}.Release|x64.Build.0 = Release|Any CPU
		{7442EC9C-EE48-4F2D-8212-E86BF6146453}.Release|x86.ActiveCfg = Release|Any CPU
		{7442EC9C-EE48-4F2D-8212-E86BF6146453}.Release|x86.Build.0 = Release|Any CPU
		{71C78E69-B176-4239-A0F6-D7AFB7FCE604}.Debug|Any CPU.ActiveCfg = Debug|Any CPU
		{71C78E69-B176-4239-A0F6-D7AFB7FCE604}.Debug|Any CPU.Build.0 = Debug|Any CPU
		{71C78E69-B176-4239-A0F6-D7AFB7FCE604}.Debug|x64.ActiveCfg = Debug|Any CPU
		{71C78E69-B176-4239-A0F6-D7AFB7FCE604}.Debug|x64.Build.0 = Debug|Any CPU
		{71C78E69-B176-4239-A0F6-D7AFB7FCE604}.Debug|x86.ActiveCfg = Debug|Any CPU
		{71C78E69-B176-4239-A0F6-D7AFB7FCE604}.Debug|x86.Build.0 = Debug|Any CPU
		{71C78E69-B176-4239-A0F6-D7AFB7FCE604}.Release|Any CPU.ActiveCfg = Release|Any CPU
		{71C78E69-B176-4239-A0F6-D7AFB7FCE604}.Release|Any CPU.Build.0 = Release|Any CPU
		{71C78E69-B176-4239-A0F6-D7AFB7FCE604}.Release|x64.ActiveCfg = Release|Any CPU
		{71C78E69-B176-4239-A0F6-D7AFB7FCE604}.Release|x64.Build.0 = Release|Any CPU
		{71C78E69-B176-4239-A0F6-D7AFB7FCE604}.Release|x86.ActiveCfg = Release|Any CPU
		{71C78E69-B176-4239-A0F6-D7AFB7FCE604}.Release|x86.Build.0 = Release|Any CPU
		{44C43C8B-3F42-48FF-81E4-B0C630BEE7EA}.Debug|Any CPU.ActiveCfg = Debug|Any CPU
		{44C43C8B-3F42-48FF-81E4-B0C630BEE7EA}.Debug|Any CPU.Build.0 = Debug|Any CPU
		{44C43C8B-3F42-48FF-81E4-B0C630BEE7EA}.Debug|x64.ActiveCfg = Debug|Any CPU
		{44C43C8B-3F42-48FF-81E4-B0C630BEE7EA}.Debug|x64.Build.0 = Debug|Any CPU
		{44C43C8B-3F42-48FF-81E4-B0C630BEE7EA}.Debug|x86.ActiveCfg = Debug|Any CPU
		{44C43C8B-3F42-48FF-81E4-B0C630BEE7EA}.Debug|x86.Build.0 = Debug|Any CPU
		{44C43C8B-3F42-48FF-81E4-B0C630BEE7EA}.Release|Any CPU.ActiveCfg = Release|Any CPU
		{44C43C8B-3F42-48FF-81E4-B0C630BEE7EA}.Release|Any CPU.Build.0 = Release|Any CPU
		{44C43C8B-3F42-48FF-81E4-B0C630BEE7EA}.Release|x64.ActiveCfg = Release|Any CPU
		{44C43C8B-3F42-48FF-81E4-B0C630BEE7EA}.Release|x64.Build.0 = Release|Any CPU
		{44C43C8B-3F42-48FF-81E4-B0C630BEE7EA}.Release|x86.ActiveCfg = Release|Any CPU
		{44C43C8B-3F42-48FF-81E4-B0C630BEE7EA}.Release|x86.Build.0 = Release|Any CPU
		{5B7D59EC-D100-473E-88DE-0B28F6700CB8}.Debug|Any CPU.ActiveCfg = Debug|Any CPU
		{5B7D59EC-D100-473E-88DE-0B28F6700CB8}.Debug|Any CPU.Build.0 = Debug|Any CPU
		{5B7D59EC-D100-473E-88DE-0B28F6700CB8}.Debug|x64.ActiveCfg = Debug|Any CPU
		{5B7D59EC-D100-473E-88DE-0B28F6700CB8}.Debug|x64.Build.0 = Debug|Any CPU
		{5B7D59EC-D100-473E-88DE-0B28F6700CB8}.Debug|x86.ActiveCfg = Debug|Any CPU
		{5B7D59EC-D100-473E-88DE-0B28F6700CB8}.Debug|x86.Build.0 = Debug|Any CPU
		{5B7D59EC-D100-473E-88DE-0B28F6700CB8}.Release|Any CPU.ActiveCfg = Release|Any CPU
		{5B7D59EC-D100-473E-88DE-0B28F6700CB8}.Release|Any CPU.Build.0 = Release|Any CPU
		{5B7D59EC-D100-473E-88DE-0B28F6700CB8}.Release|x64.ActiveCfg = Release|Any CPU
		{5B7D59EC-D100-473E-88DE-0B28F6700CB8}.Release|x64.Build.0 = Release|Any CPU
		{5B7D59EC-D100-473E-88DE-0B28F6700CB8}.Release|x86.ActiveCfg = Release|Any CPU
		{5B7D59EC-D100-473E-88DE-0B28F6700CB8}.Release|x86.Build.0 = Release|Any CPU
		{4F8C9492-B252-4815-9F34-EF787934BB40}.Debug|Any CPU.ActiveCfg = Debug|Any CPU
		{4F8C9492-B252-4815-9F34-EF787934BB40}.Debug|Any CPU.Build.0 = Debug|Any CPU
		{4F8C9492-B252-4815-9F34-EF787934BB40}.Debug|x64.ActiveCfg = Debug|Any CPU
		{4F8C9492-B252-4815-9F34-EF787934BB40}.Debug|x64.Build.0 = Debug|Any CPU
		{4F8C9492-B252-4815-9F34-EF787934BB40}.Debug|x86.ActiveCfg = Debug|Any CPU
		{4F8C9492-B252-4815-9F34-EF787934BB40}.Debug|x86.Build.0 = Debug|Any CPU
		{4F8C9492-B252-4815-9F34-EF787934BB40}.Release|Any CPU.ActiveCfg = Release|Any CPU
		{4F8C9492-B252-4815-9F34-EF787934BB40}.Release|Any CPU.Build.0 = Release|Any CPU
		{4F8C9492-B252-4815-9F34-EF787934BB40}.Release|x64.ActiveCfg = Release|Any CPU
		{4F8C9492-B252-4815-9F34-EF787934BB40}.Release|x64.Build.0 = Release|Any CPU
		{4F8C9492-B252-4815-9F34-EF787934BB40}.Release|x86.ActiveCfg = Release|Any CPU
		{4F8C9492-B252-4815-9F34-EF787934BB40}.Release|x86.Build.0 = Release|Any CPU
		{FDFFABDC-F898-4918-AFFD-616C6738F71B}.Debug|Any CPU.ActiveCfg = Debug|Any CPU
		{FDFFABDC-F898-4918-AFFD-616C6738F71B}.Debug|Any CPU.Build.0 = Debug|Any CPU
		{FDFFABDC-F898-4918-AFFD-616C6738F71B}.Debug|x64.ActiveCfg = Debug|Any CPU
		{FDFFABDC-F898-4918-AFFD-616C6738F71B}.Debug|x64.Build.0 = Debug|Any CPU
		{FDFFABDC-F898-4918-AFFD-616C6738F71B}.Debug|x86.ActiveCfg = Debug|Any CPU
		{FDFFABDC-F898-4918-AFFD-616C6738F71B}.Debug|x86.Build.0 = Debug|Any CPU
		{FDFFABDC-F898-4918-AFFD-616C6738F71B}.Release|Any CPU.ActiveCfg = Release|Any CPU
		{FDFFABDC-F898-4918-AFFD-616C6738F71B}.Release|Any CPU.Build.0 = Release|Any CPU
		{FDFFABDC-F898-4918-AFFD-616C6738F71B}.Release|x64.ActiveCfg = Release|Any CPU
		{FDFFABDC-F898-4918-AFFD-616C6738F71B}.Release|x64.Build.0 = Release|Any CPU
		{FDFFABDC-F898-4918-AFFD-616C6738F71B}.Release|x86.ActiveCfg = Release|Any CPU
		{FDFFABDC-F898-4918-AFFD-616C6738F71B}.Release|x86.Build.0 = Release|Any CPU
		{440813D3-C3B6-410F-946B-BCD5CF2D8434}.Debug|Any CPU.ActiveCfg = Debug|Any CPU
		{440813D3-C3B6-410F-946B-BCD5CF2D8434}.Debug|Any CPU.Build.0 = Debug|Any CPU
		{440813D3-C3B6-410F-946B-BCD5CF2D8434}.Debug|x64.ActiveCfg = Debug|Any CPU
		{440813D3-C3B6-410F-946B-BCD5CF2D8434}.Debug|x64.Build.0 = Debug|Any CPU
		{440813D3-C3B6-410F-946B-BCD5CF2D8434}.Debug|x86.ActiveCfg = Debug|Any CPU
		{440813D3-C3B6-410F-946B-BCD5CF2D8434}.Debug|x86.Build.0 = Debug|Any CPU
		{440813D3-C3B6-410F-946B-BCD5CF2D8434}.Release|Any CPU.ActiveCfg = Release|Any CPU
		{440813D3-C3B6-410F-946B-BCD5CF2D8434}.Release|Any CPU.Build.0 = Release|Any CPU
		{440813D3-C3B6-410F-946B-BCD5CF2D8434}.Release|x64.ActiveCfg = Release|Any CPU
		{440813D3-C3B6-410F-946B-BCD5CF2D8434}.Release|x64.Build.0 = Release|Any CPU
		{440813D3-C3B6-410F-946B-BCD5CF2D8434}.Release|x86.ActiveCfg = Release|Any CPU
		{440813D3-C3B6-410F-946B-BCD5CF2D8434}.Release|x86.Build.0 = Release|Any CPU
		{511CD013-53BE-4A75-9B45-AFF73572FA68}.Debug|Any CPU.ActiveCfg = Debug|Any CPU
		{511CD013-53BE-4A75-9B45-AFF73572FA68}.Debug|Any CPU.Build.0 = Debug|Any CPU
		{511CD013-53BE-4A75-9B45-AFF73572FA68}.Debug|x64.ActiveCfg = Debug|Any CPU
		{511CD013-53BE-4A75-9B45-AFF73572FA68}.Debug|x64.Build.0 = Debug|Any CPU
		{511CD013-53BE-4A75-9B45-AFF73572FA68}.Debug|x86.ActiveCfg = Debug|Any CPU
		{511CD013-53BE-4A75-9B45-AFF73572FA68}.Debug|x86.Build.0 = Debug|Any CPU
		{511CD013-53BE-4A75-9B45-AFF73572FA68}.Release|Any CPU.ActiveCfg = Release|Any CPU
		{511CD013-53BE-4A75-9B45-AFF73572FA68}.Release|Any CPU.Build.0 = Release|Any CPU
		{511CD013-53BE-4A75-9B45-AFF73572FA68}.Release|x64.ActiveCfg = Release|Any CPU
		{511CD013-53BE-4A75-9B45-AFF73572FA68}.Release|x64.Build.0 = Release|Any CPU
		{511CD013-53BE-4A75-9B45-AFF73572FA68}.Release|x86.ActiveCfg = Release|Any CPU
		{511CD013-53BE-4A75-9B45-AFF73572FA68}.Release|x86.Build.0 = Release|Any CPU
		{F756FA8E-712A-4E5F-8DC8-C57C442C4173}.Debug|Any CPU.ActiveCfg = Debug|Any CPU
		{F756FA8E-712A-4E5F-8DC8-C57C442C4173}.Debug|Any CPU.Build.0 = Debug|Any CPU
		{F756FA8E-712A-4E5F-8DC8-C57C442C4173}.Debug|x64.ActiveCfg = Debug|Any CPU
		{F756FA8E-712A-4E5F-8DC8-C57C442C4173}.Debug|x64.Build.0 = Debug|Any CPU
		{F756FA8E-712A-4E5F-8DC8-C57C442C4173}.Debug|x86.ActiveCfg = Debug|Any CPU
		{F756FA8E-712A-4E5F-8DC8-C57C442C4173}.Debug|x86.Build.0 = Debug|Any CPU
		{F756FA8E-712A-4E5F-8DC8-C57C442C4173}.Release|Any CPU.ActiveCfg = Release|Any CPU
		{F756FA8E-712A-4E5F-8DC8-C57C442C4173}.Release|Any CPU.Build.0 = Release|Any CPU
		{F756FA8E-712A-4E5F-8DC8-C57C442C4173}.Release|x64.ActiveCfg = Release|Any CPU
		{F756FA8E-712A-4E5F-8DC8-C57C442C4173}.Release|x64.Build.0 = Release|Any CPU
		{F756FA8E-712A-4E5F-8DC8-C57C442C4173}.Release|x86.ActiveCfg = Release|Any CPU
		{F756FA8E-712A-4E5F-8DC8-C57C442C4173}.Release|x86.Build.0 = Release|Any CPU
		{B805E7DA-2AF4-4EA1-A402-73D6F5D55208}.Debug|Any CPU.ActiveCfg = Debug|Any CPU
		{B805E7DA-2AF4-4EA1-A402-73D6F5D55208}.Debug|Any CPU.Build.0 = Debug|Any CPU
		{B805E7DA-2AF4-4EA1-A402-73D6F5D55208}.Debug|x64.ActiveCfg = Debug|Any CPU
		{B805E7DA-2AF4-4EA1-A402-73D6F5D55208}.Debug|x64.Build.0 = Debug|Any CPU
		{B805E7DA-2AF4-4EA1-A402-73D6F5D55208}.Debug|x86.ActiveCfg = Debug|Any CPU
		{B805E7DA-2AF4-4EA1-A402-73D6F5D55208}.Debug|x86.Build.0 = Debug|Any CPU
		{B805E7DA-2AF4-4EA1-A402-73D6F5D55208}.Release|Any CPU.ActiveCfg = Release|Any CPU
		{B805E7DA-2AF4-4EA1-A402-73D6F5D55208}.Release|Any CPU.Build.0 = Release|Any CPU
		{B805E7DA-2AF4-4EA1-A402-73D6F5D55208}.Release|x64.ActiveCfg = Release|Any CPU
		{B805E7DA-2AF4-4EA1-A402-73D6F5D55208}.Release|x64.Build.0 = Release|Any CPU
		{B805E7DA-2AF4-4EA1-A402-73D6F5D55208}.Release|x86.ActiveCfg = Release|Any CPU
		{B805E7DA-2AF4-4EA1-A402-73D6F5D55208}.Release|x86.Build.0 = Release|Any CPU
	EndGlobalSection
	GlobalSection(SolutionProperties) = preSolution
		HideSolutionNode = FALSE
	EndGlobalSection
	GlobalSection(NestedProjects) = preSolution
		{5A07C8CD-5D54-4181-AF81-A1D5A6BAA813} = {54C27F26-71CB-9721-02CF-9E5332C2F895}
		{B33D0C82-EDA4-4191-A610-FA2ACF6F86DE} = {54C27F26-71CB-9721-02CF-9E5332C2F895}
		{7442EC9C-EE48-4F2D-8212-E86BF6146453} = {54C27F26-71CB-9721-02CF-9E5332C2F895}
		{71C78E69-B176-4239-A0F6-D7AFB7FCE604} = {54C27F26-71CB-9721-02CF-9E5332C2F895}
		{44C43C8B-3F42-48FF-81E4-B0C630BEE7EA} = {3E96CC70-D638-9B4C-EC96-76F86C9F844C}
		{5B7D59EC-D100-473E-88DE-0B28F6700CB8} = {3E96CC70-D638-9B4C-EC96-76F86C9F844C}
		{4F8C9492-B252-4815-9F34-EF787934BB40} = {3E96CC70-D638-9B4C-EC96-76F86C9F844C}
		{FDFFABDC-F898-4918-AFFD-616C6738F71B} = {3E96CC70-D638-9B4C-EC96-76F86C9F844C}
		{440813D3-C3B6-410F-946B-BCD5CF2D8434} = {1CDB8257-D98E-AF38-204D-5645D4EEB404}
		{511CD013-53BE-4A75-9B45-AFF73572FA68} = {1CDB8257-D98E-AF38-204D-5645D4EEB404}
		{F756FA8E-712A-4E5F-8DC8-C57C442C4173} = {1CDB8257-D98E-AF38-204D-5645D4EEB404}
		{B805E7DA-2AF4-4EA1-A402-73D6F5D55208} = {1CDB8257-D98E-AF38-204D-5645D4EEB404}
	EndGlobalSection
	GlobalSection(ExtensibilityGlobals) = postSolution
		SolutionGuid = {132D5554-4C70-4299-A625-139CC7BEC574}
	EndGlobalSection
EndGlobal
